# THIS IS AN AUTOGENERATED FILE. DO NOT EDIT THIS FILE DIRECTLY.
# yarn lockfile v1


"@graphql-tools/merge@8.3.0":
  version "8.3.0"
  resolved "https://registry.yarnpkg.com/@graphql-tools/merge/-/merge-8.3.0.tgz#d3a8ba10942f8598788c3e03f97cc1d0c0b055f8"
  integrity sha512-xRa7RAQok/0DD2YnjuqikMrr7dUAxTpdGtZ7BkvUUGhYs3B3p7reCAfvOVr1DJAqVToP7hdlMk+S5+Ylk+AaqA==
  dependencies:
    "@graphql-tools/utils" "8.8.0"
    tslib "^2.4.0"

"@graphql-tools/schema@8.5.0":
  version "8.5.0"
  resolved "https://registry.yarnpkg.com/@graphql-tools/schema/-/schema-8.5.0.tgz#0332b3a2e674d16e9bf8a58dfd47432449ce2368"
  integrity sha512-VeFtKjM3SA9/hCJJfr95aEdC3G0xIKM9z0Qdz4i+eC1g2fdZYnfWFt2ucW4IME+2TDd0enHlKzaV0qk2SLVUww==
  dependencies:
    "@graphql-tools/merge" "8.3.0"
    "@graphql-tools/utils" "8.8.0"
    tslib "^2.4.0"
    value-or-promise "1.0.11"

"@graphql-tools/utils@8.8.0":
  version "8.8.0"
  resolved "https://registry.yarnpkg.com/@graphql-tools/utils/-/utils-8.8.0.tgz#8332ff80a1da9204ccf514750dd6f5c5cccf17dc"
  integrity sha512-KJrtx05uSM/cPYFdTnGAS1doL5bftJLAiFCDMZ8Vkifztz3BFn3gpFiy/o4wDtM8s39G46mxmt2Km/RmeltfGw==
  dependencies:
    tslib "^2.4.0"

graphql@16.5.0:
  version "16.5.0"
  resolved "https://registry.yarnpkg.com/graphql/-/graphql-16.5.0.tgz#41b5c1182eaac7f3d47164fb247f61e4dfb69c85"
  integrity sha512-qbHgh8Ix+j/qY+a/ZcJnFQ+j8ezakqPiHwPiZhV/3PgGlgf96QMBB5/f2rkiC9sgLoy/xvT6TSiaf2nTHJh5iA==

tslib@^2.4.0:
  version "2.4.0"
  resolved "https://registry.yarnpkg.com/tslib/-/tslib-2.4.0.tgz#7cecaa7f073ce680a05847aa77be941098f36dc3"
  integrity sha512-d6xOpEDfsi2CZVlPQzGeux8XMwLT9hssAsaPYExaQMuYskwb+x1x7J371tWlbBdWHroy99KnVB6qIkUbs5X3UQ==

typescript@4.7.4:
  version "4.7.4"
  resolved "https://registry.yarnpkg.com/typescript/-/typescript-4.7.4.tgz#1a88596d1cf47d59507a1bcdfb5b9dfe4d488235"
  integrity sha512-C0WQT0gezHuw6AdY1M2jxUO83Rjf0HP7Sk1DtXj6j1EwkQNZrHAg2XPWlq62oqEhYvONq5pkC2Y9oPljWToLmQ==

value-or-promise@1.0.11:
  version "1.0.11"
  resolved "https://registry.yarnpkg.com/value-or-promise/-/value-or-promise-1.0.11.tgz#3e90299af31dd014fe843fe309cefa7c1d94b140"
  integrity sha512-41BrgH+dIbCFXClcSapVs5M6GkENd3gQOJpEfPDNa71LsUGMXDL0jMWpI/Rh7WhX+Aalfz2TTS3Zt5pUsbnhLg==
